
Microsoft Visual Studio Solution File, Format Version 12.00
# Visual Studio Version 17
VisualStudioVersion = 17.3.32901.215
MinimumVisualStudioVersion = 10.0.40219.1
Project("{9A19103F-16F7-4668-BE54-9A1E7A4F7556}") = "Projekt", "Projekt\Projekt.csproj", "{AD61BB4B-8550-4C35-B853-D3ABE693A107}"
EndProject
Global
	GlobalSection(SolutionConfigurationPlatforms) = preSolution
		Debug|Any CPU = Debug|Any CPU
		Release|Any CPU = Release|Any CPU
	EndGlobalSection
	GlobalSection(ProjectConfigurationPlatforms) = postSolution
		{AD61BB4B-8550-4C35-B853-D3ABE693A107}.Debug|Any CPU.ActiveCfg = Debug|Any CPU
		{AD61BB4B-8550-4C35-B853-D3ABE693A107}.Debug|Any CPU.Build.0 = Debug|Any CPU
		{AD61BB4B-8550-4C35-B853-D3ABE693A107}.Release|Any CPU.ActiveCfg = Release|Any CPU
		{AD61BB4B-8550-4C35-B853-D3ABE693A107}.Release|Any CPU.Build.0 = Release|Any CPU
	EndGlobalSection
	GlobalSection(SolutionProperties) = preSolution
		HideSolutionNode = FALSE
	EndGlobalSection
	GlobalSection(ExtensibilityGlobals) = postSolution
		SolutionGuid = {B90E3516-2BE0-4DC8-AE66-8CDE55815C33}
	EndGlobalSection
EndGlobal
